
Microsoft Visual Studio Solution File, Format Version 12.00
# Visual Studio Version 17
VisualStudioVersion = 17.5.33530.505
MinimumVisualStudioVersion = 10.0.40219.1
Project("{FAE04EC0-301F-11D3-BF4B-00C04F79EFBC}") = "GuideTheLabyrinth", "GuideTheLabyrinth.csproj", "{0AD1F16C-48B8-4786-812F-1EB693BC7B79}"
EndProject
Global
	GlobalSection(SolutionConfigurationPlatforms) = preSolution
		Debug|Any CPU = Debug|Any CPU
		Release|Any CPU = Release|Any CPU
	EndGlobalSection
	GlobalSection(ProjectConfigurationPlatforms) = postSolution
		{0AD1F16C-48B8-4786-812F-1EB693BC7B79}.Debug|Any CPU.ActiveCfg = Debug|Any CPU
		{0AD1F16C-48B8-4786-812F-1EB693BC7B79}.Debug|Any CPU.Build.0 = Debug|Any CPU
		{0AD1F16C-48B8-4786-812F-1EB693BC7B79}.Release|Any CPU.ActiveCfg = Release|Any CPU
		{0AD1F16C-48B8-4786-812F-1EB693BC7B79}.Release|Any CPU.Build.0 = Release|Any CPU
	EndGlobalSection
	GlobalSection(SolutionProperties) = preSolution
		HideSolutionNode = FALSE
	EndGlobalSection
	GlobalSection(ExtensibilityGlobals) = postSolution
		SolutionGuid = {4660F7E1-BEED-4946-9DF0-674A9873C510}
	EndGlobalSection
EndGlobal
